{
  "lockfileVersion": 1,
  "workspaces": {
    "": {
      "name": "functions",
      "devDependencies": {
        "@tsconfig/node22": "^22.0.1",
        "@types/aws-lambda": "^8.10.143",
      },
    },
  },
  "packages": {
    "@tsconfig/node22": ["@tsconfig/node22@22.0.2", "", {}, "sha512-Kmwj4u8sDRDrMYRoN9FDEcXD8UpBSaPQQ24Gz+Gamqfm7xxn+GBR7ge/Z7pK8OXNGyUzbSwJj+TH6B+DS/epyA=="],

    "@types/aws-lambda": ["@types/aws-lambda@8.10.150", "", {}, "sha512-AX+AbjH/rH5ezX1fbK8onC/a+HyQHo7QGmvoxAE42n22OsciAxvZoZNEr22tbXs8WfP1nIsBjKDpgPm3HjOZbA=="],
  }
}
