{
  "name": "functions",
  "lockfileVersion": 3,
  "requires": true,
  "packages": {
    "": {
      "name": "functions",
      "devDependencies": {
        "@tsconfig/node22": "^22.0.1",
        "@types/aws-lambda": "^8.10.143"
      }
    },
    "node_modules/@tsconfig/node22": {
      "version": "22.0.1",
      "resolved": "https://registry.npmjs.org/@tsconfig/node22/-/node22-22.0.1.tgz",
      "integrity": "sha512-VkgOa3n6jvs1p+r3DiwBqeEwGAwEvnVCg/hIjiANl5IEcqP3G0u5m8cBJspe1t9qjZRlZ7WFgqq5bJrGdgAKMg==",
      "dev": true,
      "license": "MIT"
    },
    "node_modules/@types/aws-lambda": {
      "version": "8.10.149",
      "resolved": "https://registry.npmjs.org/@types/aws-lambda/-/aws-lambda-8.10.149.tgz",
      "integrity": "sha512-NXSZIhfJjnXqJgtS7IwutqIF/SOy1Wz5Px4gUY1RWITp3AYTyuJS4xaXr/bIJY1v15XMzrJ5soGnPM+7uigZjA==",
      "dev": true,
      "license": "MIT"
    }
  }
}
