lockfileVersion: '9.0'

settings:
  autoInstallPeers: true
  excludeLinksFromLockfile: false

importers:

  .:
    devDependencies:
      '@tsconfig/node22':
        specifier: ^22.0.1
        version: 22.0.2
      '@types/aws-lambda':
        specifier: ^8.10.143
        version: 8.10.150

packages:

  '@tsconfig/node22@22.0.2':
    resolution: {integrity: sha512-Kmwj4u8sDRDrMYRoN9FDEcXD8UpBSaPQQ24Gz+Gamqfm7xxn+GBR7ge/Z7pK8OXNGyUzbSwJj+TH6B+DS/epyA==}

  '@types/aws-lambda@8.10.150':
    resolution: {integrity: sha512-AX+AbjH/rH5ezX1fbK8onC/a+HyQHo7QGmvoxAE42n22OsciAxvZoZNEr22tbXs8WfP1nIsBjKDpgPm3HjOZbA==}

snapshots:

  '@tsconfig/node22@22.0.2': {}

  '@types/aws-lambda@8.10.150': {}
