lockfileVersion: '9.0'

settings:
  autoInstallPeers: true
  excludeLinksFromLockfile: false

importers:

  .:
    dependencies:
      '@aws-sdk/client-secrets-manager':
        specifier: ^3.844.0
        version: 3.844.0
      '@hono/zod-openapi':
        specifier: ^0.19.9
        version: 0.19.9(hono@4.8.4)(zod@3.25.76)
      hono:
        specifier: ^4.8.4
        version: 4.8.4
      mongodb:
        specifier: ^6.17.0
        version: 6.17.0
      stripe:
        specifier: ^18.3.0
        version: 18.3.0
      zod-error:
        specifier: ^1.5.0
        version: 1.5.0
    devDependencies:
      '@tsconfig/node22':
        specifier: ^22.0.1
        version: 22.0.2
      '@types/aws-lambda':
        specifier: ^8.10.143
        version: 8.10.150

packages:

  '@asteasolutions/zod-to-openapi@7.3.4':
    resolution: {integrity: sha512-/2rThQ5zPi9OzVwes6U7lK1+Yvug0iXu25olp7S0XsYmOqnyMfxH7gdSQjn/+DSOHRg7wnotwGJSyL+fBKdnEA==}
    peerDependencies:
      zod: ^3.20.2

  '@aws-crypto/sha256-browser@5.2.0':
    resolution: {integrity: sha512-AXfN/lGotSQwu6HNcEsIASo7kWXZ5HYWvfOmSNKDsEqC4OashTp8alTmaz+F7TC2L083SFv5RdB+qU3Vs1kZqw==}

  '@aws-crypto/sha256-js@5.2.0':
    resolution: {integrity: sha512-FFQQyu7edu4ufvIZ+OadFpHHOt+eSTBaYaki44c+akjg7qZg9oOQeLlk77F6tSYqjDAFClrHJk9tMf0HdVyOvA==}
    engines: {node: '>=16.0.0'}

  '@aws-crypto/supports-web-crypto@5.2.0':
    resolution: {integrity: sha512-iAvUotm021kM33eCdNfwIN//F77/IADDSs58i+MDaOqFrVjZo9bAal0NK7HurRuWLLpF1iLX7gbWrjHjeo+YFg==}

  '@aws-crypto/util@5.2.0':
    resolution: {integrity: sha512-4RkU9EsI6ZpBve5fseQlGNUWKMa1RLPQ1dnjnQoe07ldfIzcsGb5hC5W0Dm7u423KWzawlrpbjXBrXCEv9zazQ==}

  '@aws-sdk/client-secrets-manager@3.844.0':
    resolution: {integrity: sha512-gAReLhaSopLT4wjN7teSXNBptEem8KFxxmE1cMB+W0I087ZYiH2Fycn+TXQrMagc2ykoqYIdO+cZPJXIvnw0RA==}
    engines: {node: '>=18.0.0'}

  '@aws-sdk/client-sso@3.844.0':
    resolution: {integrity: sha512-FktodSx+pfUfIqMjoNwZ6t1xqq/G3cfT7I4JJ0HKHoIIZdoCHQB52x0OzKDtHDJAnEQPInasdPS8PorZBZtHmg==}
    engines: {node: '>=18.0.0'}

  '@aws-sdk/core@3.844.0':
    resolution: {integrity: sha512-pfpI54bG5Xf2NkqrDBC2REStXlDXNCw/whORhkEs+Tp5exU872D5QKguzjPA6hH+8Pvbq1qgt5zXMbduISTHJw==}
    engines: {node: '>=18.0.0'}

  '@aws-sdk/credential-provider-env@3.844.0':
    resolution: {integrity: sha512-WB94Ox86MqcZ4CnRjKgopzaSuZH4hMP0GqdOxG4s1it1lRWOIPOHOC1dPiM0Zbj1uqITIhbXUQVXyP/uaJeNkw==}
    engines: {node: '>=18.0.0'}

  '@aws-sdk/credential-provider-http@3.844.0':
    resolution: {integrity: sha512-e+efVqfkhpM8zxYeiLNgTUlX+tmtXzVm3bw1A02U9Z9cWBHyQNb8pi90M7QniLoqRURY1B0C2JqkOE61gd4KNg==}
    engines: {node: '>=18.0.0'}

  '@aws-sdk/credential-provider-ini@3.844.0':
    resolution: {integrity: sha512-jc5ArGz2HfAx5QPXD+Ep36+QWyCKzl2TG6Vtl87/vljfLhVD0gEHv8fRsqWEp3Rc6hVfKnCjLW5ayR2HYcow9w==}
    engines: {node: '>=18.0.0'}

  '@aws-sdk/credential-provider-node@3.844.0':
    resolution: {integrity: sha512-pUqB0StTNyW0R03XjTA3wrQZcie/7FJKSXlYHue921ZXuhLOZpzyDkLNfdRsZTcEoYYWVPSmyS+Eu/g5yVsBNA==}
    engines: {node: '>=18.0.0'}

  '@aws-sdk/credential-provider-process@3.844.0':
    resolution: {integrity: sha512-VCI8XvIDt2WBfk5Gi/wXKPcWTS3OkAbovB66oKcNQalllH8ESDg4SfLNhchdnN8A5sDGj6tIBJ19nk+dQ6GaqQ==}
    engines: {node: '>=18.0.0'}

  '@aws-sdk/credential-provider-sso@3.844.0':
    resolution: {integrity: sha512-UNp/uWufGlb5nWa4dpc6uQnDOB/9ysJJFG95ACowNVL9XWfi1LJO7teKrqNkVhq0CzSJS1tCt3FvX4UfM+aN1g==}
    engines: {node: '>=18.0.0'}

  '@aws-sdk/credential-provider-web-identity@3.844.0':
    resolution: {integrity: sha512-iDmX4pPmatjttIScdspZRagaFnCjpHZIEEwTyKdXxUaU0iAOSXF8ecrCEvutETvImPOC86xdrq+MPacJOnMzUA==}
    engines: {node: '>=18.0.0'}

  '@aws-sdk/middleware-host-header@3.840.0':
    resolution: {integrity: sha512-ub+hXJAbAje94+Ya6c6eL7sYujoE8D4Bumu1NUI8TXjUhVVn0HzVWQjpRLshdLsUp1AW7XyeJaxyajRaJQ8+Xg==}
    engines: {node: '>=18.0.0'}

  '@aws-sdk/middleware-logger@3.840.0':
    resolution: {integrity: sha512-lSV8FvjpdllpGaRspywss4CtXV8M7NNNH+2/j86vMH+YCOZ6fu2T/TyFd/tHwZ92vDfHctWkRbQxg0bagqwovA==}
    engines: {node: '>=18.0.0'}

  '@aws-sdk/middleware-recursion-detection@3.840.0':
    resolution: {integrity: sha512-Gu7lGDyfddyhIkj1Z1JtrY5NHb5+x/CRiB87GjaSrKxkDaydtX2CU977JIABtt69l9wLbcGDIQ+W0uJ5xPof7g==}
    engines: {node: '>=18.0.0'}

  '@aws-sdk/middleware-user-agent@3.844.0':
    resolution: {integrity: sha512-SIbDNUL6ZYXPj5Tk0qEz05sW9kNS1Gl3/wNWEmH+AuUACipkyIeKKWzD6z5433MllETh73vtka/JQF3g7AuZww==}
    engines: {node: '>=18.0.0'}

  '@aws-sdk/nested-clients@3.844.0':
    resolution: {integrity: sha512-p2XILWc7AcevUSpBg2VtQrk79eWQC4q2JsCSY7HxKpFLZB4mMOfmiTyYkR1gEA6AttK/wpCOtfz+hi1/+z2V1A==}
    engines: {node: '>=18.0.0'}

  '@aws-sdk/region-config-resolver@3.840.0':
    resolution: {integrity: sha512-Qjnxd/yDv9KpIMWr90ZDPtRj0v75AqGC92Lm9+oHXZ8p1MjG5JE2CW0HL8JRgK9iKzgKBL7pPQRXI8FkvEVfrA==}
    engines: {node: '>=18.0.0'}

  '@aws-sdk/token-providers@3.844.0':
    resolution: {integrity: sha512-Kh728FEny0fil+LeH8U1offPJCTd/EDh8liBAvLtViLHt2WoX2xC8rk98D38Q5p79aIUhHb3Pf4n9IZfTu/Kog==}
    engines: {node: '>=18.0.0'}

  '@aws-sdk/types@3.840.0':
    resolution: {integrity: sha512-xliuHaUFZxEx1NSXeLLZ9Dyu6+EJVQKEoD+yM+zqUo3YDZ7medKJWY6fIOKiPX/N7XbLdBYwajb15Q7IL8KkeA==}
    engines: {node: '>=18.0.0'}

  '@aws-sdk/util-endpoints@3.844.0':
    resolution: {integrity: sha512-1DHh0WTUmxlysz3EereHKtKoxVUG9UC5BsfAw6Bm4/6qDlJiqtY3oa2vebkYN23yltKdfsCK65cwnBRU59mWVg==}
    engines: {node: '>=18.0.0'}

  '@aws-sdk/util-locate-window@3.804.0':
    resolution: {integrity: sha512-zVoRfpmBVPodYlnMjgVjfGoEZagyRF5IPn3Uo6ZvOZp24chnW/FRstH7ESDHDDRga4z3V+ElUQHKpFDXWyBW5A==}
    engines: {node: '>=18.0.0'}

  '@aws-sdk/util-user-agent-browser@3.840.0':
    resolution: {integrity: sha512-JdyZM3EhhL4PqwFpttZu1afDpPJCCc3eyZOLi+srpX11LsGj6sThf47TYQN75HT1CarZ7cCdQHGzP2uy3/xHfQ==}

  '@aws-sdk/util-user-agent-node@3.844.0':
    resolution: {integrity: sha512-0eTpURp9Gxbyyeqr78ogARZMSWS5KUMZuN+XMHxNpQLmn2S+J3g+MAyoklCcwhKXlbdQq2aMULEiy0mqIWytuw==}
    engines: {node: '>=18.0.0'}
    peerDependencies:
      aws-crt: '>=1.0.0'
    peerDependenciesMeta:
      aws-crt:
        optional: true

  '@aws-sdk/xml-builder@3.821.0':
    resolution: {integrity: sha512-DIIotRnefVL6DiaHtO6/21DhJ4JZnnIwdNbpwiAhdt/AVbttcE4yw925gsjur0OGv5BTYXQXU3YnANBYnZjuQA==}
    engines: {node: '>=18.0.0'}

  '@hono/zod-openapi@0.19.9':
    resolution: {integrity: sha512-TonPfh8xUdsdzWNMiKOYSG4Wk2DkZIShHZoXkdOSjPmqpnobXpvSQU3w3XmB7N2t12I2NnnoGSHyMj+BXk+1bw==}
    engines: {node: '>=16.0.0'}
    peerDependencies:
      hono: '>=4.3.6'
      zod: 3.*

  '@hono/zod-validator@0.7.0':
    resolution: {integrity: sha512-qe2ZE6sHFE98dcUrbYMtS3bAV8hqcCOflykvZga2S7XhmNSZzT+dIz4OuMILsjLHkJw9JMn912/dB7dQOmuPvg==}
    peerDependencies:
      hono: '>=3.9.0'
      zod: ^3.25.0

  '@mongodb-js/saslprep@1.3.0':
    resolution: {integrity: sha512-zlayKCsIjYb7/IdfqxorK5+xUMyi4vOKcFy10wKJYc63NSdKI8mNME+uJqfatkPmOSMMUiojrL58IePKBm3gvQ==}

  '@smithy/abort-controller@4.0.4':
    resolution: {integrity: sha512-gJnEjZMvigPDQWHrW3oPrFhQtkrgqBkyjj3pCIdF3A5M6vsZODG93KNlfJprv6bp4245bdT32fsHK4kkH3KYDA==}
    engines: {node: '>=18.0.0'}

  '@smithy/config-resolver@4.1.4':
    resolution: {integrity: sha512-prmU+rDddxHOH0oNcwemL+SwnzcG65sBF2yXRO7aeXIn/xTlq2pX7JLVbkBnVLowHLg4/OL4+jBmv9hVrVGS+w==}
    engines: {node: '>=18.0.0'}

  '@smithy/core@3.7.0':
    resolution: {integrity: sha512-7ov8hu/4j0uPZv8b27oeOFtIBtlFmM3ibrPv/Omx1uUdoXvcpJ00U+H/OWWC/keAguLlcqwtyL2/jTlSnApgNQ==}
    engines: {node: '>=18.0.0'}

  '@smithy/credential-provider-imds@4.0.6':
    resolution: {integrity: sha512-hKMWcANhUiNbCJouYkZ9V3+/Qf9pteR1dnwgdyzR09R4ODEYx8BbUysHwRSyex4rZ9zapddZhLFTnT4ZijR4pw==}
    engines: {node: '>=18.0.0'}

  '@smithy/fetch-http-handler@5.1.0':
    resolution: {integrity: sha512-mADw7MS0bYe2OGKkHYMaqarOXuDwRbO6ArD91XhHcl2ynjGCFF+hvqf0LyQcYxkA1zaWjefSkU7Ne9mqgApSgQ==}
    engines: {node: '>=18.0.0'}

  '@smithy/hash-node@4.0.4':
    resolution: {integrity: sha512-qnbTPUhCVnCgBp4z4BUJUhOEkVwxiEi1cyFM+Zj6o+aY8OFGxUQleKWq8ltgp3dujuhXojIvJWdoqpm6dVO3lQ==}
    engines: {node: '>=18.0.0'}

  '@smithy/invalid-dependency@4.0.4':
    resolution: {integrity: sha512-bNYMi7WKTJHu0gn26wg8OscncTt1t2b8KcsZxvOv56XA6cyXtOAAAaNP7+m45xfppXfOatXF3Sb1MNsLUgVLTw==}
    engines: {node: '>=18.0.0'}

  '@smithy/is-array-buffer@2.2.0':
    resolution: {integrity: sha512-GGP3O9QFD24uGeAXYUjwSTXARoqpZykHadOmA8G5vfJPK0/DC67qa//0qvqrJzL1xc8WQWX7/yc7fwudjPHPhA==}
    engines: {node: '>=14.0.0'}

  '@smithy/is-array-buffer@4.0.0':
    resolution: {integrity: sha512-saYhF8ZZNoJDTvJBEWgeBccCg+yvp1CX+ed12yORU3NilJScfc6gfch2oVb4QgxZrGUx3/ZJlb+c/dJbyupxlw==}
    engines: {node: '>=18.0.0'}

  '@smithy/middleware-content-length@4.0.4':
    resolution: {integrity: sha512-F7gDyfI2BB1Kc+4M6rpuOLne5LOcEknH1n6UQB69qv+HucXBR1rkzXBnQTB2q46sFy1PM/zuSJOB532yc8bg3w==}
    engines: {node: '>=18.0.0'}

  '@smithy/middleware-endpoint@4.1.14':
    resolution: {integrity: sha512-+BGLpK5D93gCcSEceaaYhUD/+OCGXM1IDaq/jKUQ+ujB0PTWlWN85noodKw/IPFZhIKFCNEe19PGd/reUMeLSQ==}
    engines: {node: '>=18.0.0'}

  '@smithy/middleware-retry@4.1.15':
    resolution: {integrity: sha512-iKYUJpiyTQ33U2KlOZeUb0GwtzWR3C0soYcKuCnTmJrvt6XwTPQZhMfsjJZNw7PpQ3TU4Ati1qLSrkSJxnnSMQ==}
    engines: {node: '>=18.0.0'}

  '@smithy/middleware-serde@4.0.8':
    resolution: {integrity: sha512-iSSl7HJoJaGyMIoNn2B7czghOVwJ9nD7TMvLhMWeSB5vt0TnEYyRRqPJu/TqW76WScaNvYYB8nRoiBHR9S1Ddw==}
    engines: {node: '>=18.0.0'}

  '@smithy/middleware-stack@4.0.4':
    resolution: {integrity: sha512-kagK5ggDrBUCCzI93ft6DjteNSfY8Ulr83UtySog/h09lTIOAJ/xUSObutanlPT0nhoHAkpmW9V5K8oPyLh+QA==}
    engines: {node: '>=18.0.0'}

  '@smithy/node-config-provider@4.1.3':
    resolution: {integrity: sha512-HGHQr2s59qaU1lrVH6MbLlmOBxadtzTsoO4c+bF5asdgVik3I8o7JIOzoeqWc5MjVa+vD36/LWE0iXKpNqooRw==}
    engines: {node: '>=18.0.0'}

  '@smithy/node-http-handler@4.1.0':
    resolution: {integrity: sha512-vqfSiHz2v8b3TTTrdXi03vNz1KLYYS3bhHCDv36FYDqxT7jvTll1mMnCrkD+gOvgwybuunh/2VmvOMqwBegxEg==}
    engines: {node: '>=18.0.0'}

  '@smithy/property-provider@4.0.4':
    resolution: {integrity: sha512-qHJ2sSgu4FqF4U/5UUp4DhXNmdTrgmoAai6oQiM+c5RZ/sbDwJ12qxB1M6FnP+Tn/ggkPZf9ccn4jqKSINaquw==}
    engines: {node: '>=18.0.0'}

  '@smithy/protocol-http@5.1.2':
    resolution: {integrity: sha512-rOG5cNLBXovxIrICSBm95dLqzfvxjEmuZx4KK3hWwPFHGdW3lxY0fZNXfv2zebfRO7sJZ5pKJYHScsqopeIWtQ==}
    engines: {node: '>=18.0.0'}

  '@smithy/querystring-builder@4.0.4':
    resolution: {integrity: sha512-SwREZcDnEYoh9tLNgMbpop+UTGq44Hl9tdj3rf+yeLcfH7+J8OXEBaMc2kDxtyRHu8BhSg9ADEx0gFHvpJgU8w==}
    engines: {node: '>=18.0.0'}

  '@smithy/querystring-parser@4.0.4':
    resolution: {integrity: sha512-6yZf53i/qB8gRHH/l2ZwUG5xgkPgQF15/KxH0DdXMDHjesA9MeZje/853ifkSY0x4m5S+dfDZ+c4x439PF0M2w==}
    engines: {node: '>=18.0.0'}

  '@smithy/service-error-classification@4.0.6':
    resolution: {integrity: sha512-RRoTDL//7xi4tn5FrN2NzH17jbgmnKidUqd4KvquT0954/i6CXXkh1884jBiunq24g9cGtPBEXlU40W6EpNOOg==}
    engines: {node: '>=18.0.0'}

  '@smithy/shared-ini-file-loader@4.0.4':
    resolution: {integrity: sha512-63X0260LoFBjrHifPDs+nM9tV0VMkOTl4JRMYNuKh/f5PauSjowTfvF3LogfkWdcPoxsA9UjqEOgjeYIbhb7Nw==}
    engines: {node: '>=18.0.0'}

  '@smithy/signature-v4@5.1.2':
    resolution: {integrity: sha512-d3+U/VpX7a60seHziWnVZOHuEgJlclufjkS6zhXvxcJgkJq4UWdH5eOBLzHRMx6gXjsdT9h6lfpmLzbrdupHgQ==}
    engines: {node: '>=18.0.0'}

  '@smithy/smithy-client@4.4.6':
    resolution: {integrity: sha512-3wfhywdzB/CFszP6moa5L3lf5/zSfQoH0kvVSdkyK2az5qZet0sn2PAHjcTDiq296Y4RP5yxF7B6S6+3oeBUCQ==}
    engines: {node: '>=18.0.0'}

  '@smithy/types@4.3.1':
    resolution: {integrity: sha512-UqKOQBL2x6+HWl3P+3QqFD4ncKq0I8Nuz9QItGv5WuKuMHuuwlhvqcZCoXGfc+P1QmfJE7VieykoYYmrOoFJxA==}
    engines: {node: '>=18.0.0'}

  '@smithy/url-parser@4.0.4':
    resolution: {integrity: sha512-eMkc144MuN7B0TDA4U2fKs+BqczVbk3W+qIvcoCY6D1JY3hnAdCuhCZODC+GAeaxj0p6Jroz4+XMUn3PCxQQeQ==}
    engines: {node: '>=18.0.0'}

  '@smithy/util-base64@4.0.0':
    resolution: {integrity: sha512-CvHfCmO2mchox9kjrtzoHkWHxjHZzaFojLc8quxXY7WAAMAg43nuxwv95tATVgQFNDwd4M9S1qFzj40Ul41Kmg==}
    engines: {node: '>=18.0.0'}

  '@smithy/util-body-length-browser@4.0.0':
    resolution: {integrity: sha512-sNi3DL0/k64/LO3A256M+m3CDdG6V7WKWHdAiBBMUN8S3hK3aMPhwnPik2A/a2ONN+9doY9UxaLfgqsIRg69QA==}
    engines: {node: '>=18.0.0'}

  '@smithy/util-body-length-node@4.0.0':
    resolution: {integrity: sha512-q0iDP3VsZzqJyje8xJWEJCNIu3lktUGVoSy1KB0UWym2CL1siV3artm+u1DFYTLejpsrdGyCSWBdGNjJzfDPjg==}
    engines: {node: '>=18.0.0'}

  '@smithy/util-buffer-from@2.2.0':
    resolution: {integrity: sha512-IJdWBbTcMQ6DA0gdNhh/BwrLkDR+ADW5Kr1aZmd4k3DIF6ezMV4R2NIAmT08wQJ3yUK82thHWmC/TnK/wpMMIA==}
    engines: {node: '>=14.0.0'}

  '@smithy/util-buffer-from@4.0.0':
    resolution: {integrity: sha512-9TOQ7781sZvddgO8nxueKi3+yGvkY35kotA0Y6BWRajAv8jjmigQ1sBwz0UX47pQMYXJPahSKEKYFgt+rXdcug==}
    engines: {node: '>=18.0.0'}

  '@smithy/util-config-provider@4.0.0':
    resolution: {integrity: sha512-L1RBVzLyfE8OXH+1hsJ8p+acNUSirQnWQ6/EgpchV88G6zGBTDPdXiiExei6Z1wR2RxYvxY/XLw6AMNCCt8H3w==}
    engines: {node: '>=18.0.0'}

  '@smithy/util-defaults-mode-browser@4.0.22':
    resolution: {integrity: sha512-hjElSW18Wq3fUAWVk6nbk7pGrV7ZT14DL1IUobmqhV3lxcsIenr5FUsDe2jlTVaS8OYBI3x+Og9URv5YcKb5QA==}
    engines: {node: '>=18.0.0'}

  '@smithy/util-defaults-mode-node@4.0.22':
    resolution: {integrity: sha512-7B8mfQBtwwr2aNRRmU39k/bsRtv9B6/1mTMrGmmdJFKmLAH+KgIiOuhaqfKOBGh9sZ/VkZxbvm94rI4MMYpFjQ==}
    engines: {node: '>=18.0.0'}

  '@smithy/util-endpoints@3.0.6':
    resolution: {integrity: sha512-YARl3tFL3WgPuLzljRUnrS2ngLiUtkwhQtj8PAL13XZSyUiNLQxwG3fBBq3QXFqGFUXepIN73pINp3y8c2nBmA==}
    engines: {node: '>=18.0.0'}

  '@smithy/util-hex-encoding@4.0.0':
    resolution: {integrity: sha512-Yk5mLhHtfIgW2W2WQZWSg5kuMZCVbvhFmC7rV4IO2QqnZdbEFPmQnCcGMAX2z/8Qj3B9hYYNjZOhWym+RwhePw==}
    engines: {node: '>=18.0.0'}

  '@smithy/util-middleware@4.0.4':
    resolution: {integrity: sha512-9MLKmkBmf4PRb0ONJikCbCwORACcil6gUWojwARCClT7RmLzF04hUR4WdRprIXal7XVyrddadYNfp2eF3nrvtQ==}
    engines: {node: '>=18.0.0'}

  '@smithy/util-retry@4.0.6':
    resolution: {integrity: sha512-+YekoF2CaSMv6zKrA6iI/N9yva3Gzn4L6n35Luydweu5MMPYpiGZlWqehPHDHyNbnyaYlz/WJyYAZnC+loBDZg==}
    engines: {node: '>=18.0.0'}

  '@smithy/util-stream@4.2.3':
    resolution: {integrity: sha512-cQn412DWHHFNKrQfbHY8vSFI3nTROY1aIKji9N0tpp8gUABRilr7wdf8fqBbSlXresobM+tQFNk6I+0LXK/YZg==}
    engines: {node: '>=18.0.0'}

  '@smithy/util-uri-escape@4.0.0':
    resolution: {integrity: sha512-77yfbCbQMtgtTylO9itEAdpPXSog3ZxMe09AEhm0dU0NLTalV70ghDZFR+Nfi1C60jnJoh/Re4090/DuZh2Omg==}
    engines: {node: '>=18.0.0'}

  '@smithy/util-utf8@2.3.0':
    resolution: {integrity: sha512-R8Rdn8Hy72KKcebgLiv8jQcQkXoLMOGGv5uI1/k0l+snqkOzQ1R0ChUBCxWMlBsFMekWjq0wRudIweFs7sKT5A==}
    engines: {node: '>=14.0.0'}

  '@smithy/util-utf8@4.0.0':
    resolution: {integrity: sha512-b+zebfKCfRdgNJDknHCob3O7FpeYQN6ZG6YLExMcasDHsCXlsXCEuiPZeLnJLpwa5dvPetGlnGCiMHuLwGvFow==}
    engines: {node: '>=18.0.0'}

  '@tsconfig/node22@22.0.2':
    resolution: {integrity: sha512-Kmwj4u8sDRDrMYRoN9FDEcXD8UpBSaPQQ24Gz+Gamqfm7xxn+GBR7ge/Z7pK8OXNGyUzbSwJj+TH6B+DS/epyA==}

  '@types/aws-lambda@8.10.150':
    resolution: {integrity: sha512-AX+AbjH/rH5ezX1fbK8onC/a+HyQHo7QGmvoxAE42n22OsciAxvZoZNEr22tbXs8WfP1nIsBjKDpgPm3HjOZbA==}

  '@types/uuid@9.0.8':
    resolution: {integrity: sha512-jg+97EGIcY9AGHJJRaaPVgetKDsrTgbRjQ5Msgjh/DQKEFl0DtyRr/VCOyD1T2R1MNeWPK/u7JoGhlDZnKBAfA==}

  '@types/webidl-conversions@7.0.3':
    resolution: {integrity: sha512-CiJJvcRtIgzadHCYXw7dqEnMNRjhGZlYK05Mj9OyktqV8uVT8fD2BFOB7S1uwBE3Kj2Z+4UyPmFw/Ixgw/LAlA==}

  '@types/whatwg-url@11.0.5':
    resolution: {integrity: sha512-coYR071JRaHa+xoEvvYqvnIHaVqaYrLPbsufM9BF63HkwI5Lgmy2QR8Q5K/lYDYo5AK82wOvSOS0UsLTpTG7uQ==}

  bowser@2.11.0:
    resolution: {integrity: sha512-AlcaJBi/pqqJBIQ8U9Mcpc9i8Aqxn88Skv5d+xBX006BY5u8N3mGLHa5Lgppa7L/HfwgwLgZ6NYs+Ag6uUmJRA==}

  bson@6.10.4:
    resolution: {integrity: sha512-WIsKqkSC0ABoBJuT1LEX+2HEvNmNKKgnTAyd0fL8qzK4SH2i9NXg+t08YtdZp/V9IZ33cxe3iV4yM0qg8lMQng==}
    engines: {node: '>=16.20.1'}

  call-bind-apply-helpers@1.0.2:
    resolution: {integrity: sha512-Sp1ablJ0ivDkSzjcaJdxEunN5/XvksFJ2sMBFfq6x0ryhQV/2b/KwFe21cMpmHtPOSij8K99/wSfoEuTObmuMQ==}
    engines: {node: '>= 0.4'}

  call-bound@1.0.4:
    resolution: {integrity: sha512-+ys997U96po4Kx/ABpBCqhA9EuxJaQWDQg7295H4hBphv3IZg0boBKuwYpt4YXp6MZ5AmZQnU/tyMTlRpaSejg==}
    engines: {node: '>= 0.4'}

  dunder-proto@1.0.1:
    resolution: {integrity: sha512-KIN/nDJBQRcXw0MLVhZE9iQHmG68qAVIBg9CqmUYjmQIhgij9U5MFvrqkUL5FbtyyzZuOeOt0zdeRe4UY7ct+A==}
    engines: {node: '>= 0.4'}

  es-define-property@1.0.1:
    resolution: {integrity: sha512-e3nRfgfUZ4rNGL232gUgX06QNyyez04KdjFrF+LTRoOXmrOgFKDg4BCdsjW8EnT69eqdYGmRpJwiPVYNrCaW3g==}
    engines: {node: '>= 0.4'}

  es-errors@1.3.0:
    resolution: {integrity: sha512-Zf5H2Kxt2xjTvbJvP2ZWLEICxA6j+hAmMzIlypy4xcBg1vKVnx89Wy0GbS+kf5cwCVFFzdCFh2XSCFNULS6csw==}
    engines: {node: '>= 0.4'}

  es-object-atoms@1.1.1:
    resolution: {integrity: sha512-FGgH2h8zKNim9ljj7dankFPcICIK9Cp5bm+c2gQSYePhpaG5+esrLODihIorn+Pe6FGJzWhXQotPv73jTaldXA==}
    engines: {node: '>= 0.4'}

  fast-xml-parser@5.2.5:
    resolution: {integrity: sha512-pfX9uG9Ki0yekDHx2SiuRIyFdyAr1kMIMitPvb0YBo8SUfKvia7w7FIyd/l6av85pFYRhZscS75MwMnbvY+hcQ==}
    hasBin: true

  function-bind@1.1.2:
    resolution: {integrity: sha512-7XHNxH7qX9xG5mIwxkhumTox/MIRNcOgDrxWsMt2pAr23WHp6MrRlN7FBSFpCpr+oVO0F744iUgR82nJMfG2SA==}

  get-intrinsic@1.3.0:
    resolution: {integrity: sha512-9fSjSaos/fRIVIp+xSJlE6lfwhES7LNtKaCBIamHsjr2na1BiABJPo0mOjjz8GJDURarmCPGqaiVg5mfjb98CQ==}
    engines: {node: '>= 0.4'}

  get-proto@1.0.1:
    resolution: {integrity: sha512-sTSfBjoXBp89JvIKIefqw7U2CCebsc74kiY6awiGogKtoSGbgjYE/G/+l9sF3MWFPNc9IcoOC4ODfKHfxFmp0g==}
    engines: {node: '>= 0.4'}

  gopd@1.2.0:
    resolution: {integrity: sha512-ZUKRh6/kUFoAiTAtTYPZJ3hw9wNxx+BIBOijnlG9PnrJsCcSjs1wyyD6vJpaYtgnzDrKYRSqf3OO6Rfa93xsRg==}
    engines: {node: '>= 0.4'}

  has-symbols@1.1.0:
    resolution: {integrity: sha512-1cDNdwJ2Jaohmb3sg4OmKaMBwuC48sYni5HUw2DvsC8LjGTLK9h+eb1X6RyuOHe4hT0ULCW68iomhjUoKUqlPQ==}
    engines: {node: '>= 0.4'}

  hasown@2.0.2:
    resolution: {integrity: sha512-0hJU9SCPvmMzIBdZFqNPXWa6dqh7WdH0cII9y+CyS8rG3nL48Bclra9HmKhVVUHyPWNH5Y7xDwAB7bfgSjkUMQ==}
    engines: {node: '>= 0.4'}

  hono@4.8.4:
    resolution: {integrity: sha512-KOIBp1+iUs0HrKztM4EHiB2UtzZDTBihDtOF5K6+WaJjCPeaW4Q92R8j63jOhvJI5+tZSMuKD9REVEXXY9illg==}
    engines: {node: '>=16.9.0'}

  math-intrinsics@1.1.0:
    resolution: {integrity: sha512-/IXtbwEk5HTPyEwyKX6hGkYXxM9nbj64B+ilVJnC/R6B0pH5G4V3b0pVbL7DBj4tkhBAppbQUlf6F6Xl9LHu1g==}
    engines: {node: '>= 0.4'}

  memory-pager@1.5.0:
    resolution: {integrity: sha512-ZS4Bp4r/Zoeq6+NLJpP+0Zzm0pR8whtGPf1XExKLJBAczGMnSi3It14OiNCStjQjM6NU1okjQGSxgEZN8eBYKg==}

  mongodb-connection-string-url@3.0.2:
    resolution: {integrity: sha512-rMO7CGo/9BFwyZABcKAWL8UJwH/Kc2x0g72uhDWzG48URRax5TCIcJ7Rc3RZqffZzO/Gwff/jyKwCU9TN8gehA==}

  mongodb@6.17.0:
    resolution: {integrity: sha512-neerUzg/8U26cgruLysKEjJvoNSXhyID3RvzvdcpsIi2COYM3FS3o9nlH7fxFtefTb942dX3W9i37oPfCVj4wA==}
    engines: {node: '>=16.20.1'}
    peerDependencies:
      '@aws-sdk/credential-providers': ^3.188.0
      '@mongodb-js/zstd': ^1.1.0 || ^2.0.0
      gcp-metadata: ^5.2.0
      kerberos: ^2.0.1
      mongodb-client-encryption: '>=6.0.0 <7'
      snappy: ^7.2.2
      socks: ^2.7.1
    peerDependenciesMeta:
      '@aws-sdk/credential-providers':
        optional: true
      '@mongodb-js/zstd':
        optional: true
      gcp-metadata:
        optional: true
      kerberos:
        optional: true
      mongodb-client-encryption:
        optional: true
      snappy:
        optional: true
      socks:
        optional: true

  object-inspect@1.13.4:
    resolution: {integrity: sha512-W67iLl4J2EXEGTbfeHCffrjDfitvLANg0UlX3wFUUSTx92KXRFegMHUVgSqE+wvhAbi4WqjGg9czysTV2Epbew==}
    engines: {node: '>= 0.4'}

  openapi3-ts@4.5.0:
    resolution: {integrity: sha512-jaL+HgTq2Gj5jRcfdutgRGLosCy/hT8sQf6VOy+P+g36cZOjI1iukdPnijC+4CmeRzg/jEllJUboEic2FhxhtQ==}

  punycode@2.3.1:
    resolution: {integrity: sha512-vYt7UD1U9Wg6138shLtLOvdAu+8DsC/ilFtEVHcH+wydcSpNE20AfSOduf6MkRFahL5FY7X1oU7nKVZFtfq8Fg==}
    engines: {node: '>=6'}

  qs@6.14.0:
    resolution: {integrity: sha512-YWWTjgABSKcvs/nWBi9PycY/JiPJqOD4JA6o9Sej2AtvSGarXxKC3OQSk4pAarbdQlKAh5D4FCQkJNkW+GAn3w==}
    engines: {node: '>=0.6'}

  side-channel-list@1.0.0:
    resolution: {integrity: sha512-FCLHtRD/gnpCiCHEiJLOwdmFP+wzCmDEkc9y7NsYxeF4u7Btsn1ZuwgwJGxImImHicJArLP4R0yX4c2KCrMrTA==}
    engines: {node: '>= 0.4'}

  side-channel-map@1.0.1:
    resolution: {integrity: sha512-VCjCNfgMsby3tTdo02nbjtM/ewra6jPHmpThenkTYh8pG9ucZ/1P8So4u4FGBek/BjpOVsDCMoLA/iuBKIFXRA==}
    engines: {node: '>= 0.4'}

  side-channel-weakmap@1.0.2:
    resolution: {integrity: sha512-WPS/HvHQTYnHisLo9McqBHOJk2FkHO/tlpvldyrnem4aeQp4hai3gythswg6p01oSoTl58rcpiFAjF2br2Ak2A==}
    engines: {node: '>= 0.4'}

  side-channel@1.1.0:
    resolution: {integrity: sha512-ZX99e6tRweoUXqR+VBrslhda51Nh5MTQwou5tnUDgbtyM0dBgmhEDtWGP/xbKn6hqfPRHujUNwz5fy/wbbhnpw==}
    engines: {node: '>= 0.4'}

  sparse-bitfield@3.0.3:
    resolution: {integrity: sha512-kvzhi7vqKTfkh0PZU+2D2PIllw2ymqJKujUcyPMd9Y75Nv4nPbGJZXNhxsgdQab2BmlDct1YnfQCguEvHr7VsQ==}

  stripe@18.3.0:
    resolution: {integrity: sha512-FkxrTUUcWB4CVN2yzgsfF/YHD6WgYHduaa7VmokCy5TLCgl5UNJkwortxcedrxSavQ8Qfa4Ir4JxcbIYiBsyLg==}
    engines: {node: '>=12.*'}
    peerDependencies:
      '@types/node': '>=12.x.x'
    peerDependenciesMeta:
      '@types/node':
        optional: true

  strnum@2.1.1:
    resolution: {integrity: sha512-7ZvoFTiCnGxBtDqJ//Cu6fWtZtc7Y3x+QOirG15wztbdngGSkht27o2pyGWrVy0b4WAy3jbKmnoK6g5VlVNUUw==}

  tr46@5.1.1:
    resolution: {integrity: sha512-hdF5ZgjTqgAntKkklYw0R03MG2x/bSzTtkxmIRw/sTNV8YXsCJ1tfLAX23lhxhHJlEf3CRCOCGGWw3vI3GaSPw==}
    engines: {node: '>=18'}

  tslib@2.8.1:
    resolution: {integrity: sha512-oJFu94HQb+KVduSUQL7wnpmqnfmLsOA/nAh6b6EH0wCEoK0/mPeXU6c3wKDV83MkOuHPRHtSXKKU99IBazS/2w==}

  uuid@9.0.1:
    resolution: {integrity: sha512-b+1eJOlsR9K8HJpow9Ok3fiWOWSIcIzXodvv0rQjVoOVNpWMpxf1wZNpt4y9h10odCNrqnYp1OBzRktckBe3sA==}
    hasBin: true

  webidl-conversions@7.0.0:
    resolution: {integrity: sha512-VwddBukDzu71offAQR975unBIGqfKZpM+8ZX6ySk8nYhVoo5CYaZyzt3YBvYtRtO+aoGlqxPg/B87NGVZ/fu6g==}
    engines: {node: '>=12'}

  whatwg-url@14.2.0:
    resolution: {integrity: sha512-De72GdQZzNTUBBChsXueQUnPKDkg/5A5zp7pFDuQAj5UFoENpiACU0wlCvzpAGnTkj++ihpKwKyYewn/XNUbKw==}
    engines: {node: '>=18'}

  yaml@2.8.0:
    resolution: {integrity: sha512-4lLa/EcQCB0cJkyts+FpIRx5G/llPxfP6VQU5KByHEhLxY3IJCH0f0Hy1MHI8sClTvsIb8qwRJ6R/ZdlDJ/leQ==}
    engines: {node: '>= 14.6'}
    hasBin: true

  zod-error@1.5.0:
    resolution: {integrity: sha512-zzopKZ/skI9iXpqCEPj+iLCKl9b88E43ehcU+sbRoHuwGd9F1IDVGQ70TyO6kmfiRL1g4IXkjsXK+g1gLYl4WQ==}

  zod@3.25.76:
    resolution: {integrity: sha512-gzUt/qt81nXsFGKIFcC3YnfEAx5NkunCfnDlvuBSSFS02bcXu4Lmea0AFIUwbLWxWPx3d9p8S5QoaujKcNQxcQ==}

snapshots:

  '@asteasolutions/zod-to-openapi@7.3.4(zod@3.25.76)':
    dependencies:
      openapi3-ts: 4.5.0
      zod: 3.25.76

  '@aws-crypto/sha256-browser@5.2.0':
    dependencies:
      '@aws-crypto/sha256-js': 5.2.0
      '@aws-crypto/supports-web-crypto': 5.2.0
      '@aws-crypto/util': 5.2.0
      '@aws-sdk/types': 3.840.0
      '@aws-sdk/util-locate-window': 3.804.0
      '@smithy/util-utf8': 2.3.0
      tslib: 2.8.1

  '@aws-crypto/sha256-js@5.2.0':
    dependencies:
      '@aws-crypto/util': 5.2.0
      '@aws-sdk/types': 3.840.0
      tslib: 2.8.1

  '@aws-crypto/supports-web-crypto@5.2.0':
    dependencies:
      tslib: 2.8.1

  '@aws-crypto/util@5.2.0':
    dependencies:
      '@aws-sdk/types': 3.840.0
      '@smithy/util-utf8': 2.3.0
      tslib: 2.8.1

  '@aws-sdk/client-secrets-manager@3.844.0':
    dependencies:
      '@aws-crypto/sha256-browser': 5.2.0
      '@aws-crypto/sha256-js': 5.2.0
      '@aws-sdk/core': 3.844.0
      '@aws-sdk/credential-provider-node': 3.844.0
      '@aws-sdk/middleware-host-header': 3.840.0
      '@aws-sdk/middleware-logger': 3.840.0
      '@aws-sdk/middleware-recursion-detection': 3.840.0
      '@aws-sdk/middleware-user-agent': 3.844.0
      '@aws-sdk/region-config-resolver': 3.840.0
      '@aws-sdk/types': 3.840.0
      '@aws-sdk/util-endpoints': 3.844.0
      '@aws-sdk/util-user-agent-browser': 3.840.0
      '@aws-sdk/util-user-agent-node': 3.844.0
      '@smithy/config-resolver': 4.1.4
      '@smithy/core': 3.7.0
      '@smithy/fetch-http-handler': 5.1.0
      '@smithy/hash-node': 4.0.4
      '@smithy/invalid-dependency': 4.0.4
      '@smithy/middleware-content-length': 4.0.4
      '@smithy/middleware-endpoint': 4.1.14
      '@smithy/middleware-retry': 4.1.15
      '@smithy/middleware-serde': 4.0.8
      '@smithy/middleware-stack': 4.0.4
      '@smithy/node-config-provider': 4.1.3
      '@smithy/node-http-handler': 4.1.0
      '@smithy/protocol-http': 5.1.2
      '@smithy/smithy-client': 4.4.6
      '@smithy/types': 4.3.1
      '@smithy/url-parser': 4.0.4
      '@smithy/util-base64': 4.0.0
      '@smithy/util-body-length-browser': 4.0.0
      '@smithy/util-body-length-node': 4.0.0
      '@smithy/util-defaults-mode-browser': 4.0.22
      '@smithy/util-defaults-mode-node': 4.0.22
      '@smithy/util-endpoints': 3.0.6
      '@smithy/util-middleware': 4.0.4
      '@smithy/util-retry': 4.0.6
      '@smithy/util-utf8': 4.0.0
      '@types/uuid': 9.0.8
      tslib: 2.8.1
      uuid: 9.0.1
    transitivePeerDependencies:
      - aws-crt

  '@aws-sdk/client-sso@3.844.0':
    dependencies:
      '@aws-crypto/sha256-browser': 5.2.0
      '@aws-crypto/sha256-js': 5.2.0
      '@aws-sdk/core': 3.844.0
      '@aws-sdk/middleware-host-header': 3.840.0
      '@aws-sdk/middleware-logger': 3.840.0
      '@aws-sdk/middleware-recursion-detection': 3.840.0
      '@aws-sdk/middleware-user-agent': 3.844.0
      '@aws-sdk/region-config-resolver': 3.840.0
      '@aws-sdk/types': 3.840.0
      '@aws-sdk/util-endpoints': 3.844.0
      '@aws-sdk/util-user-agent-browser': 3.840.0
      '@aws-sdk/util-user-agent-node': 3.844.0
      '@smithy/config-resolver': 4.1.4
      '@smithy/core': 3.7.0
      '@smithy/fetch-http-handler': 5.1.0
      '@smithy/hash-node': 4.0.4
      '@smithy/invalid-dependency': 4.0.4
      '@smithy/middleware-content-length': 4.0.4
      '@smithy/middleware-endpoint': 4.1.14
      '@smithy/middleware-retry': 4.1.15
      '@smithy/middleware-serde': 4.0.8
      '@smithy/middleware-stack': 4.0.4
      '@smithy/node-config-provider': 4.1.3
      '@smithy/node-http-handler': 4.1.0
      '@smithy/protocol-http': 5.1.2
      '@smithy/smithy-client': 4.4.6
      '@smithy/types': 4.3.1
      '@smithy/url-parser': 4.0.4
      '@smithy/util-base64': 4.0.0
      '@smithy/util-body-length-browser': 4.0.0
      '@smithy/util-body-length-node': 4.0.0
      '@smithy/util-defaults-mode-browser': 4.0.22
      '@smithy/util-defaults-mode-node': 4.0.22
      '@smithy/util-endpoints': 3.0.6
      '@smithy/util-middleware': 4.0.4
      '@smithy/util-retry': 4.0.6
      '@smithy/util-utf8': 4.0.0
      tslib: 2.8.1
    transitivePeerDependencies:
      - aws-crt

  '@aws-sdk/core@3.844.0':
    dependencies:
      '@aws-sdk/types': 3.840.0
      '@aws-sdk/xml-builder': 3.821.0
      '@smithy/core': 3.7.0
      '@smithy/node-config-provider': 4.1.3
      '@smithy/property-provider': 4.0.4
      '@smithy/protocol-http': 5.1.2
      '@smithy/signature-v4': 5.1.2
      '@smithy/smithy-client': 4.4.6
      '@smithy/types': 4.3.1
      '@smithy/util-base64': 4.0.0
      '@smithy/util-body-length-browser': 4.0.0
      '@smithy/util-middleware': 4.0.4
      '@smithy/util-utf8': 4.0.0
      fast-xml-parser: 5.2.5
      tslib: 2.8.1

  '@aws-sdk/credential-provider-env@3.844.0':
    dependencies:
      '@aws-sdk/core': 3.844.0
      '@aws-sdk/types': 3.840.0
      '@smithy/property-provider': 4.0.4
      '@smithy/types': 4.3.1
      tslib: 2.8.1

  '@aws-sdk/credential-provider-http@3.844.0':
    dependencies:
      '@aws-sdk/core': 3.844.0
      '@aws-sdk/types': 3.840.0
      '@smithy/fetch-http-handler': 5.1.0
      '@smithy/node-http-handler': 4.1.0
      '@smithy/property-provider': 4.0.4
      '@smithy/protocol-http': 5.1.2
      '@smithy/smithy-client': 4.4.6
      '@smithy/types': 4.3.1
      '@smithy/util-stream': 4.2.3
      tslib: 2.8.1

  '@aws-sdk/credential-provider-ini@3.844.0':
    dependencies:
      '@aws-sdk/core': 3.844.0
      '@aws-sdk/credential-provider-env': 3.844.0
      '@aws-sdk/credential-provider-http': 3.844.0
      '@aws-sdk/credential-provider-process': 3.844.0
      '@aws-sdk/credential-provider-sso': 3.844.0
      '@aws-sdk/credential-provider-web-identity': 3.844.0
      '@aws-sdk/nested-clients': 3.844.0
      '@aws-sdk/types': 3.840.0
      '@smithy/credential-provider-imds': 4.0.6
      '@smithy/property-provider': 4.0.4
      '@smithy/shared-ini-file-loader': 4.0.4
      '@smithy/types': 4.3.1
      tslib: 2.8.1
    transitivePeerDependencies:
      - aws-crt

  '@aws-sdk/credential-provider-node@3.844.0':
    dependencies:
      '@aws-sdk/credential-provider-env': 3.844.0
      '@aws-sdk/credential-provider-http': 3.844.0
      '@aws-sdk/credential-provider-ini': 3.844.0
      '@aws-sdk/credential-provider-process': 3.844.0
      '@aws-sdk/credential-provider-sso': 3.844.0
      '@aws-sdk/credential-provider-web-identity': 3.844.0
      '@aws-sdk/types': 3.840.0
      '@smithy/credential-provider-imds': 4.0.6
      '@smithy/property-provider': 4.0.4
      '@smithy/shared-ini-file-loader': 4.0.4
      '@smithy/types': 4.3.1
      tslib: 2.8.1
    transitivePeerDependencies:
      - aws-crt

  '@aws-sdk/credential-provider-process@3.844.0':
    dependencies:
      '@aws-sdk/core': 3.844.0
      '@aws-sdk/types': 3.840.0
      '@smithy/property-provider': 4.0.4
      '@smithy/shared-ini-file-loader': 4.0.4
      '@smithy/types': 4.3.1
      tslib: 2.8.1

  '@aws-sdk/credential-provider-sso@3.844.0':
    dependencies:
      '@aws-sdk/client-sso': 3.844.0
      '@aws-sdk/core': 3.844.0
      '@aws-sdk/token-providers': 3.844.0
      '@aws-sdk/types': 3.840.0
      '@smithy/property-provider': 4.0.4
      '@smithy/shared-ini-file-loader': 4.0.4
      '@smithy/types': 4.3.1
      tslib: 2.8.1
    transitivePeerDependencies:
      - aws-crt

  '@aws-sdk/credential-provider-web-identity@3.844.0':
    dependencies:
      '@aws-sdk/core': 3.844.0
      '@aws-sdk/nested-clients': 3.844.0
      '@aws-sdk/types': 3.840.0
      '@smithy/property-provider': 4.0.4
      '@smithy/types': 4.3.1
      tslib: 2.8.1
    transitivePeerDependencies:
      - aws-crt

  '@aws-sdk/middleware-host-header@3.840.0':
    dependencies:
      '@aws-sdk/types': 3.840.0
      '@smithy/protocol-http': 5.1.2
      '@smithy/types': 4.3.1
      tslib: 2.8.1

  '@aws-sdk/middleware-logger@3.840.0':
    dependencies:
      '@aws-sdk/types': 3.840.0
      '@smithy/types': 4.3.1
      tslib: 2.8.1

  '@aws-sdk/middleware-recursion-detection@3.840.0':
    dependencies:
      '@aws-sdk/types': 3.840.0
      '@smithy/protocol-http': 5.1.2
      '@smithy/types': 4.3.1
      tslib: 2.8.1

  '@aws-sdk/middleware-user-agent@3.844.0':
    dependencies:
      '@aws-sdk/core': 3.844.0
      '@aws-sdk/types': 3.840.0
      '@aws-sdk/util-endpoints': 3.844.0
      '@smithy/core': 3.7.0
      '@smithy/protocol-http': 5.1.2
      '@smithy/types': 4.3.1
      tslib: 2.8.1

  '@aws-sdk/nested-clients@3.844.0':
    dependencies:
      '@aws-crypto/sha256-browser': 5.2.0
      '@aws-crypto/sha256-js': 5.2.0
      '@aws-sdk/core': 3.844.0
      '@aws-sdk/middleware-host-header': 3.840.0
      '@aws-sdk/middleware-logger': 3.840.0
      '@aws-sdk/middleware-recursion-detection': 3.840.0
      '@aws-sdk/middleware-user-agent': 3.844.0
      '@aws-sdk/region-config-resolver': 3.840.0
      '@aws-sdk/types': 3.840.0
      '@aws-sdk/util-endpoints': 3.844.0
      '@aws-sdk/util-user-agent-browser': 3.840.0
      '@aws-sdk/util-user-agent-node': 3.844.0
      '@smithy/config-resolver': 4.1.4
      '@smithy/core': 3.7.0
      '@smithy/fetch-http-handler': 5.1.0
      '@smithy/hash-node': 4.0.4
      '@smithy/invalid-dependency': 4.0.4
      '@smithy/middleware-content-length': 4.0.4
      '@smithy/middleware-endpoint': 4.1.14
      '@smithy/middleware-retry': 4.1.15
      '@smithy/middleware-serde': 4.0.8
      '@smithy/middleware-stack': 4.0.4
      '@smithy/node-config-provider': 4.1.3
      '@smithy/node-http-handler': 4.1.0
      '@smithy/protocol-http': 5.1.2
      '@smithy/smithy-client': 4.4.6
      '@smithy/types': 4.3.1
      '@smithy/url-parser': 4.0.4
      '@smithy/util-base64': 4.0.0
      '@smithy/util-body-length-browser': 4.0.0
      '@smithy/util-body-length-node': 4.0.0
      '@smithy/util-defaults-mode-browser': 4.0.22
      '@smithy/util-defaults-mode-node': 4.0.22
      '@smithy/util-endpoints': 3.0.6
      '@smithy/util-middleware': 4.0.4
      '@smithy/util-retry': 4.0.6
      '@smithy/util-utf8': 4.0.0
      tslib: 2.8.1
    transitivePeerDependencies:
      - aws-crt

  '@aws-sdk/region-config-resolver@3.840.0':
    dependencies:
      '@aws-sdk/types': 3.840.0
      '@smithy/node-config-provider': 4.1.3
      '@smithy/types': 4.3.1
      '@smithy/util-config-provider': 4.0.0
      '@smithy/util-middleware': 4.0.4
      tslib: 2.8.1

  '@aws-sdk/token-providers@3.844.0':
    dependencies:
      '@aws-sdk/core': 3.844.0
      '@aws-sdk/nested-clients': 3.844.0
      '@aws-sdk/types': 3.840.0
      '@smithy/property-provider': 4.0.4
      '@smithy/shared-ini-file-loader': 4.0.4
      '@smithy/types': 4.3.1
      tslib: 2.8.1
    transitivePeerDependencies:
      - aws-crt

  '@aws-sdk/types@3.840.0':
    dependencies:
      '@smithy/types': 4.3.1
      tslib: 2.8.1

  '@aws-sdk/util-endpoints@3.844.0':
    dependencies:
      '@aws-sdk/types': 3.840.0
      '@smithy/types': 4.3.1
      '@smithy/url-parser': 4.0.4
      '@smithy/util-endpoints': 3.0.6
      tslib: 2.8.1

  '@aws-sdk/util-locate-window@3.804.0':
    dependencies:
      tslib: 2.8.1

  '@aws-sdk/util-user-agent-browser@3.840.0':
    dependencies:
      '@aws-sdk/types': 3.840.0
      '@smithy/types': 4.3.1
      bowser: 2.11.0
      tslib: 2.8.1

  '@aws-sdk/util-user-agent-node@3.844.0':
    dependencies:
      '@aws-sdk/middleware-user-agent': 3.844.0
      '@aws-sdk/types': 3.840.0
      '@smithy/node-config-provider': 4.1.3
      '@smithy/types': 4.3.1
      tslib: 2.8.1

  '@aws-sdk/xml-builder@3.821.0':
    dependencies:
      '@smithy/types': 4.3.1
      tslib: 2.8.1

  '@hono/zod-openapi@0.19.9(hono@4.8.4)(zod@3.25.76)':
    dependencies:
      '@asteasolutions/zod-to-openapi': 7.3.4(zod@3.25.76)
      '@hono/zod-validator': 0.7.0(hono@4.8.4)(zod@3.25.76)
      hono: 4.8.4
      openapi3-ts: 4.5.0
      zod: 3.25.76

  '@hono/zod-validator@0.7.0(hono@4.8.4)(zod@3.25.76)':
    dependencies:
      hono: 4.8.4
      zod: 3.25.76

  '@mongodb-js/saslprep@1.3.0':
    dependencies:
      sparse-bitfield: 3.0.3

  '@smithy/abort-controller@4.0.4':
    dependencies:
      '@smithy/types': 4.3.1
      tslib: 2.8.1

  '@smithy/config-resolver@4.1.4':
    dependencies:
      '@smithy/node-config-provider': 4.1.3
      '@smithy/types': 4.3.1
      '@smithy/util-config-provider': 4.0.0
      '@smithy/util-middleware': 4.0.4
      tslib: 2.8.1

  '@smithy/core@3.7.0':
    dependencies:
      '@smithy/middleware-serde': 4.0.8
      '@smithy/protocol-http': 5.1.2
      '@smithy/types': 4.3.1
      '@smithy/util-base64': 4.0.0
      '@smithy/util-body-length-browser': 4.0.0
      '@smithy/util-middleware': 4.0.4
      '@smithy/util-stream': 4.2.3
      '@smithy/util-utf8': 4.0.0
      tslib: 2.8.1

  '@smithy/credential-provider-imds@4.0.6':
    dependencies:
      '@smithy/node-config-provider': 4.1.3
      '@smithy/property-provider': 4.0.4
      '@smithy/types': 4.3.1
      '@smithy/url-parser': 4.0.4
      tslib: 2.8.1

  '@smithy/fetch-http-handler@5.1.0':
    dependencies:
      '@smithy/protocol-http': 5.1.2
      '@smithy/querystring-builder': 4.0.4
      '@smithy/types': 4.3.1
      '@smithy/util-base64': 4.0.0
      tslib: 2.8.1

  '@smithy/hash-node@4.0.4':
    dependencies:
      '@smithy/types': 4.3.1
      '@smithy/util-buffer-from': 4.0.0
      '@smithy/util-utf8': 4.0.0
      tslib: 2.8.1

  '@smithy/invalid-dependency@4.0.4':
    dependencies:
      '@smithy/types': 4.3.1
      tslib: 2.8.1

  '@smithy/is-array-buffer@2.2.0':
    dependencies:
      tslib: 2.8.1

  '@smithy/is-array-buffer@4.0.0':
    dependencies:
      tslib: 2.8.1

  '@smithy/middleware-content-length@4.0.4':
    dependencies:
      '@smithy/protocol-http': 5.1.2
      '@smithy/types': 4.3.1
      tslib: 2.8.1

  '@smithy/middleware-endpoint@4.1.14':
    dependencies:
      '@smithy/core': 3.7.0
      '@smithy/middleware-serde': 4.0.8
      '@smithy/node-config-provider': 4.1.3
      '@smithy/shared-ini-file-loader': 4.0.4
      '@smithy/types': 4.3.1
      '@smithy/url-parser': 4.0.4
      '@smithy/util-middleware': 4.0.4
      tslib: 2.8.1

  '@smithy/middleware-retry@4.1.15':
    dependencies:
      '@smithy/node-config-provider': 4.1.3
      '@smithy/protocol-http': 5.1.2
      '@smithy/service-error-classification': 4.0.6
      '@smithy/smithy-client': 4.4.6
      '@smithy/types': 4.3.1
      '@smithy/util-middleware': 4.0.4
      '@smithy/util-retry': 4.0.6
      tslib: 2.8.1
      uuid: 9.0.1

  '@smithy/middleware-serde@4.0.8':
    dependencies:
      '@smithy/protocol-http': 5.1.2
      '@smithy/types': 4.3.1
      tslib: 2.8.1

  '@smithy/middleware-stack@4.0.4':
    dependencies:
      '@smithy/types': 4.3.1
      tslib: 2.8.1

  '@smithy/node-config-provider@4.1.3':
    dependencies:
      '@smithy/property-provider': 4.0.4
      '@smithy/shared-ini-file-loader': 4.0.4
      '@smithy/types': 4.3.1
      tslib: 2.8.1

  '@smithy/node-http-handler@4.1.0':
    dependencies:
      '@smithy/abort-controller': 4.0.4
      '@smithy/protocol-http': 5.1.2
      '@smithy/querystring-builder': 4.0.4
      '@smithy/types': 4.3.1
      tslib: 2.8.1

  '@smithy/property-provider@4.0.4':
    dependencies:
      '@smithy/types': 4.3.1
      tslib: 2.8.1

  '@smithy/protocol-http@5.1.2':
    dependencies:
      '@smithy/types': 4.3.1
      tslib: 2.8.1

  '@smithy/querystring-builder@4.0.4':
    dependencies:
      '@smithy/types': 4.3.1
      '@smithy/util-uri-escape': 4.0.0
      tslib: 2.8.1

  '@smithy/querystring-parser@4.0.4':
    dependencies:
      '@smithy/types': 4.3.1
      tslib: 2.8.1

  '@smithy/service-error-classification@4.0.6':
    dependencies:
      '@smithy/types': 4.3.1

  '@smithy/shared-ini-file-loader@4.0.4':
    dependencies:
      '@smithy/types': 4.3.1
      tslib: 2.8.1

  '@smithy/signature-v4@5.1.2':
    dependencies:
      '@smithy/is-array-buffer': 4.0.0
      '@smithy/protocol-http': 5.1.2
      '@smithy/types': 4.3.1
      '@smithy/util-hex-encoding': 4.0.0
      '@smithy/util-middleware': 4.0.4
      '@smithy/util-uri-escape': 4.0.0
      '@smithy/util-utf8': 4.0.0
      tslib: 2.8.1

  '@smithy/smithy-client@4.4.6':
    dependencies:
      '@smithy/core': 3.7.0
      '@smithy/middleware-endpoint': 4.1.14
      '@smithy/middleware-stack': 4.0.4
      '@smithy/protocol-http': 5.1.2
      '@smithy/types': 4.3.1
      '@smithy/util-stream': 4.2.3
      tslib: 2.8.1

  '@smithy/types@4.3.1':
    dependencies:
      tslib: 2.8.1

  '@smithy/url-parser@4.0.4':
    dependencies:
      '@smithy/querystring-parser': 4.0.4
      '@smithy/types': 4.3.1
      tslib: 2.8.1

  '@smithy/util-base64@4.0.0':
    dependencies:
      '@smithy/util-buffer-from': 4.0.0
      '@smithy/util-utf8': 4.0.0
      tslib: 2.8.1

  '@smithy/util-body-length-browser@4.0.0':
    dependencies:
      tslib: 2.8.1

  '@smithy/util-body-length-node@4.0.0':
    dependencies:
      tslib: 2.8.1

  '@smithy/util-buffer-from@2.2.0':
    dependencies:
      '@smithy/is-array-buffer': 2.2.0
      tslib: 2.8.1

  '@smithy/util-buffer-from@4.0.0':
    dependencies:
      '@smithy/is-array-buffer': 4.0.0
      tslib: 2.8.1

  '@smithy/util-config-provider@4.0.0':
    dependencies:
      tslib: 2.8.1

  '@smithy/util-defaults-mode-browser@4.0.22':
    dependencies:
      '@smithy/property-provider': 4.0.4
      '@smithy/smithy-client': 4.4.6
      '@smithy/types': 4.3.1
      bowser: 2.11.0
      tslib: 2.8.1

  '@smithy/util-defaults-mode-node@4.0.22':
    dependencies:
      '@smithy/config-resolver': 4.1.4
      '@smithy/credential-provider-imds': 4.0.6
      '@smithy/node-config-provider': 4.1.3
      '@smithy/property-provider': 4.0.4
      '@smithy/smithy-client': 4.4.6
      '@smithy/types': 4.3.1
      tslib: 2.8.1

  '@smithy/util-endpoints@3.0.6':
    dependencies:
      '@smithy/node-config-provider': 4.1.3
      '@smithy/types': 4.3.1
      tslib: 2.8.1

  '@smithy/util-hex-encoding@4.0.0':
    dependencies:
      tslib: 2.8.1

  '@smithy/util-middleware@4.0.4':
    dependencies:
      '@smithy/types': 4.3.1
      tslib: 2.8.1

  '@smithy/util-retry@4.0.6':
    dependencies:
      '@smithy/service-error-classification': 4.0.6
      '@smithy/types': 4.3.1
      tslib: 2.8.1

  '@smithy/util-stream@4.2.3':
    dependencies:
      '@smithy/fetch-http-handler': 5.1.0
      '@smithy/node-http-handler': 4.1.0
      '@smithy/types': 4.3.1
      '@smithy/util-base64': 4.0.0
      '@smithy/util-buffer-from': 4.0.0
      '@smithy/util-hex-encoding': 4.0.0
      '@smithy/util-utf8': 4.0.0
      tslib: 2.8.1

  '@smithy/util-uri-escape@4.0.0':
    dependencies:
      tslib: 2.8.1

  '@smithy/util-utf8@2.3.0':
    dependencies:
      '@smithy/util-buffer-from': 2.2.0
      tslib: 2.8.1

  '@smithy/util-utf8@4.0.0':
    dependencies:
      '@smithy/util-buffer-from': 4.0.0
      tslib: 2.8.1

  '@tsconfig/node22@22.0.2': {}

  '@types/aws-lambda@8.10.150': {}

  '@types/uuid@9.0.8': {}

  '@types/webidl-conversions@7.0.3': {}

  '@types/whatwg-url@11.0.5':
    dependencies:
      '@types/webidl-conversions': 7.0.3

  bowser@2.11.0: {}

  bson@6.10.4: {}

  call-bind-apply-helpers@1.0.2:
    dependencies:
      es-errors: 1.3.0
      function-bind: 1.1.2

  call-bound@1.0.4:
    dependencies:
      call-bind-apply-helpers: 1.0.2
      get-intrinsic: 1.3.0

  dunder-proto@1.0.1:
    dependencies:
      call-bind-apply-helpers: 1.0.2
      es-errors: 1.3.0
      gopd: 1.2.0

  es-define-property@1.0.1: {}

  es-errors@1.3.0: {}

  es-object-atoms@1.1.1:
    dependencies:
      es-errors: 1.3.0

  fast-xml-parser@5.2.5:
    dependencies:
      strnum: 2.1.1

  function-bind@1.1.2: {}

  get-intrinsic@1.3.0:
    dependencies:
      call-bind-apply-helpers: 1.0.2
      es-define-property: 1.0.1
      es-errors: 1.3.0
      es-object-atoms: 1.1.1
      function-bind: 1.1.2
      get-proto: 1.0.1
      gopd: 1.2.0
      has-symbols: 1.1.0
      hasown: 2.0.2
      math-intrinsics: 1.1.0

  get-proto@1.0.1:
    dependencies:
      dunder-proto: 1.0.1
      es-object-atoms: 1.1.1

  gopd@1.2.0: {}

  has-symbols@1.1.0: {}

  hasown@2.0.2:
    dependencies:
      function-bind: 1.1.2

  hono@4.8.4: {}

  math-intrinsics@1.1.0: {}

  memory-pager@1.5.0: {}

  mongodb-connection-string-url@3.0.2:
    dependencies:
      '@types/whatwg-url': 11.0.5
      whatwg-url: 14.2.0

  mongodb@6.17.0:
    dependencies:
      '@mongodb-js/saslprep': 1.3.0
      bson: 6.10.4
      mongodb-connection-string-url: 3.0.2

  object-inspect@1.13.4: {}

  openapi3-ts@4.5.0:
    dependencies:
      yaml: 2.8.0

  punycode@2.3.1: {}

  qs@6.14.0:
    dependencies:
      side-channel: 1.1.0

  side-channel-list@1.0.0:
    dependencies:
      es-errors: 1.3.0
      object-inspect: 1.13.4

  side-channel-map@1.0.1:
    dependencies:
      call-bound: 1.0.4
      es-errors: 1.3.0
      get-intrinsic: 1.3.0
      object-inspect: 1.13.4

  side-channel-weakmap@1.0.2:
    dependencies:
      call-bound: 1.0.4
      es-errors: 1.3.0
      get-intrinsic: 1.3.0
      object-inspect: 1.13.4
      side-channel-map: 1.0.1

  side-channel@1.1.0:
    dependencies:
      es-errors: 1.3.0
      object-inspect: 1.13.4
      side-channel-list: 1.0.0
      side-channel-map: 1.0.1
      side-channel-weakmap: 1.0.2

  sparse-bitfield@3.0.3:
    dependencies:
      memory-pager: 1.5.0

  stripe@18.3.0:
    dependencies:
      qs: 6.14.0

  strnum@2.1.1: {}

  tr46@5.1.1:
    dependencies:
      punycode: 2.3.1

  tslib@2.8.1: {}

  uuid@9.0.1: {}

  webidl-conversions@7.0.0: {}

  whatwg-url@14.2.0:
    dependencies:
      tr46: 5.1.1
      webidl-conversions: 7.0.0

  yaml@2.8.0: {}

  zod-error@1.5.0:
    dependencies:
      zod: 3.25.76

  zod@3.25.76: {}
